
Microsoft Visual Studio Solution File, Format Version 12.00
# Visual Studio Version 17
VisualStudioVersion = 17.6.33815.320
MinimumVisualStudioVersion = 10.0.40219.1
Project("{FAE04EC0-301F-11D3-BF4B-00C04F79EFBC}") = "Client", "Client\Client.csproj", "{A32B694C-F9ED-41CE-919D-18EB5A3973F4}"
EndProject
Project("{FAE04EC0-301F-11D3-BF4B-00C04F79EFBC}") = "Server", "Server\Server\Server.csproj", "{680818BE-84AE-418A-BA9A-179E0A476039}"
EndProject
Global
	GlobalSection(SolutionConfigurationPlatforms) = preSolution
		Debug|Any CPU = Debug|Any CPU
		Release|Any CPU = Release|Any CPU
	EndGlobalSection
	GlobalSection(ProjectConfigurationPlatforms) = postSolution
		{A32B694C-F9ED-41CE-919D-18EB5A3973F4}.Debug|Any CPU.ActiveCfg = Debug|Any CPU
		{A32B694C-F9ED-41CE-919D-18EB5A3973F4}.Debug|Any CPU.Build.0 = Debug|Any CPU
		{A32B694C-F9ED-41CE-919D-18EB5A3973F4}.Release|Any CPU.ActiveCfg = Release|Any CPU
		{A32B694C-F9ED-41CE-919D-18EB5A3973F4}.Release|Any CPU.Build.0 = Release|Any CPU
		{680818BE-84AE-418A-BA9A-179E0A476039}.Debug|Any CPU.ActiveCfg = Debug|Any CPU
		{680818BE-84AE-418A-BA9A-179E0A476039}.Debug|Any CPU.Build.0 = Debug|Any CPU
		{680818BE-84AE-418A-BA9A-179E0A476039}.Release|Any CPU.ActiveCfg = Release|Any CPU
		{680818BE-84AE-418A-BA9A-179E0A476039}.Release|Any CPU.Build.0 = Release|Any CPU
	EndGlobalSection
	GlobalSection(SolutionProperties) = preSolution
		HideSolutionNode = FALSE
	EndGlobalSection
	GlobalSection(ExtensibilityGlobals) = postSolution
		SolutionGuid = {7D9B4066-6A84-403A-9E88-0130868ED797}
	EndGlobalSection
EndGlobal
